
Microsoft Visual Studio Solution File, Format Version 12.00
# Visual Studio Version 16
VisualStudioVersion = 16.0.30204.135
MinimumVisualStudioVersion = 10.0.40219.1
Project("{FAE04EC0-301F-11D3-BF4B-00C04F79EFBC}") = "NetworkConnections", "NetworkConnections\NetworkConnections.csproj", "{7992EAEC-8F0D-411E-93FB-6D0005589EAE}"
EndProject
Global
	GlobalSection(SolutionConfigurationPlatforms) = preSolution
		Debug|Any CPU = Debug|Any CPU
		Release|Any CPU = Release|Any CPU
	EndGlobalSection
	GlobalSection(ProjectConfigurationPlatforms) = postSolution
		{7992EAEC-8F0D-411E-93FB-6D0005589EAE}.Debug|Any CPU.ActiveCfg = Debug|Any CPU
		{7992EAEC-8F0D-411E-93FB-6D0005589EAE}.Debug|Any CPU.Build.0 = Debug|Any CPU
		{7992EAEC-8F0D-411E-93FB-6D0005589EAE}.Release|Any CPU.ActiveCfg = Release|Any CPU
		{7992EAEC-8F0D-411E-93FB-6D0005589EAE}.Release|Any CPU.Build.0 = Release|Any CPU
	EndGlobalSection
	GlobalSection(SolutionProperties) = preSolution
		HideSolutionNode = FALSE
	EndGlobalSection
	GlobalSection(ExtensibilityGlobals) = postSolution
		SolutionGuid = {C5C39CB7-F354-4997-92FD-61CA5E4A4369}
	EndGlobalSection
EndGlobal
